// !$*UTF8*$!
{
	archiveVersion = 1;
	classes = {
	};
	objectVersion = 46;
	objects = {

/* Begin PBXBuildFile section */
		D06CE0951D6D617500C86B58 /* AppDelegate.swift in Sources */ = {isa = PBXBuildFile; fileRef = D06CE0941D6D617500C86B58 /* AppDelegate.swift */; };
		D06CE0971D6D617500C86B58 /* ViewController.swift in Sources */ = {isa = PBXBuildFile; fileRef = D06CE0961D6D617500C86B58 /* ViewController.swift */; };
		D06CE09A1D6D617500C86B58 /* Main.storyboard in Resources */ = {isa = PBXBuildFile; fileRef = D06CE0981D6D617500C86B58 /* Main.storyboard */; };
		D06CE09C1D6D617500C86B58 /* Assets.xcassets in Resources */ = {isa = PBXBuildFile; fileRef = D06CE09B1D6D617500C86B58 /* Assets.xcassets */; };
		D06CE09F1D6D617500C86B58 /* LaunchScreen.storyboard in Resources */ = {isa = PBXBuildFile; fileRef = D06CE09D1D6D617500C86B58 /* LaunchScreen.storyboard */; };
		D06CE0A91D6D625000C86B58 /* TableViewController.swift in Sources */ = {isa = PBXBuildFile; fileRef = D06CE0A81D6D625000C86B58 /* TableViewController.swift */; };
/* End PBXBuildFile section */

/* Begin PBXFileReference section */
		D06CE0911D6D617500C86B58 /* Memorable Places.app */ = {isa = PBXFileReference; explicitFileType = wrapper.application; includeInIndex = 0; path = "Memorable Places.app"; sourceTree = BUILT_PRODUCTS_DIR; };
		D06CE0941D6D617500C86B58 /* AppDelegate.swift */ = {isa = PBXFileReference; lastKnownFileType = sourcecode.swift; path = AppDelegate.swift; sourceTree = "<group>"; };
		D06CE0961D6D617500C86B58 /* ViewController.swift */ = {isa = PBXFileReference; lastKnownFileType = sourcecode.swift; path = ViewController.swift; sourceTree = "<group>"; };
		D06CE0991D6D617500C86B58 /* Base */ = {isa = PBXFileReference; lastKnownFileType = file.storyboard; name = Base; path = Base.lproj/Main.storyboard; sourceTree = "<group>"; };
		D06CE09B1D6D617500C86B58 /* Assets.xcassets */ = {isa = PBXFileReference; lastKnownFileType = folder.assetcatalog; path = Assets.xcassets; sourceTree = "<group>"; };
		D06CE09E1D6D617500C86B58 /* Base */ = {isa = PBXFileReference; lastKnownFileType = file.storyboard; name = Base; path = Base.lproj/LaunchScreen.storyboard; sourceTree = "<group>"; };
		D06CE0A01D6D617500C86B58 /* Info.plist */ = {isa = PBXFileReference; lastKnownFileType = text.plist.xml; path = Info.plist; sourceTree = "<group>"; };
		D06CE0A81D6D625000C86B58 /* TableViewController.swift */ = {isa = PBXFileReference; fileEncoding = 4; lastKnownFileType = sourcecode.swift; path = TableViewController.swift; sourceTree = "<group>"; };
/* End PBXFileReference section */

/* Begin PBXFrameworksBuildPhase section */
		D06CE08E1D6D617500C86B58 /* Frameworks */ = {
			isa = PBXFrameworksBuildPhase;
			buildActionMask = 2147483647;
			files = (
			);
			runOnlyForDeploymentPostprocessing = 0;
		};
/* End PBXFrameworksBuildPhase section */

/* Begin PBXGroup section */
		D06CE0881D6D617500C86B58 = {
			isa = PBXGroup;
			children = (
				D06CE0931D6D617500C86B58 /* Memorable Places */,
				D06CE0921D6D617500C86B58 /* Products */,
			);
			sourceTree = "<group>";
		};
		D06CE0921D6D617500C86B58 /* Products */ = {
			isa = PBXGroup;
			children = (
				D06CE0911D6D617500C86B58 /* Memorable Places.app */,
			);
			name = Products;
			sourceTree = "<group>";
		};
		D06CE0931D6D617500C86B58 /* Memorable Places */ = {
			isa = PBXGroup;
			children = (
				D06CE0941D6D617500C86B58 /* AppDelegate.swift */,
				D06CE0961D6D617500C86B58 /* ViewController.swift */,
				D06CE0A81D6D625000C86B58 /* TableViewController.swift */,
				D06CE0981D6D617500C86B58 /* Main.storyboard */,
				D06CE09B1D6D617500C86B58 /* Assets.xcassets */,
				D06CE09D1D6D617500C86B58 /* LaunchScreen.storyboard */,
				D06CE0A01D6D617500C86B58 /* Info.plist */,
			);
			path = "Memorable Places";
			sourceTree = "<group>";
		};
/* End PBXGroup section */

/* Begin PBXNativeTarget section */
		D06CE0901D6D617500C86B58 /* Memorable Places */ = {
			isa = PBXNativeTarget;
			buildConfigurationList = D06CE0A31D6D617500C86B58 /* Build configuration list for PBXNativeTarget "Memorable Places" */;
			buildPhases = (
				D06CE08D1D6D617500C86B58 /* Sources */,
				D06CE08E1D6D617500C86B58 /* Frameworks */,
				D06CE08F1D6D617500C86B58 /* Resources */,
			);
			buildRules = (
			);
			dependencies = (
			);
			name = "Memorable Places";
			productName = "Memorable Places";
			productReference = D06CE0911D6D617500C86B58 /* Memorable Places.app */;
			productType = "com.apple.product-type.application";
		};
/* End PBXNativeTarget section */

/* Begin PBXProject section */
		D06CE0891D6D617500C86B58 /* Project object */ = {
			isa = PBXProject;
			attributes = {
				LastSwiftUpdateCheck = 0730;
				LastUpgradeCheck = 0730;
				ORGANIZATIONNAME = KhoaHoang;
				TargetAttributes = {
					D06CE0901D6D617500C86B58 = {
						CreatedOnToolsVersion = 7.3.1;
					};
				};
			};
			buildConfigurationList = D06CE08C1D6D617500C86B58 /* Build configuration list for PBXProject "Memorable Places" */;
			compatibilityVersion = "Xcode 3.2";
			developmentRegion = English;
			hasScannedForEncodings = 0;
			knownRegions = (
				en,
				Base,
			);
			mainGroup = D06CE0881D6D617500C86B58;
			productRefGroup = D06CE0921D6D617500C86B58 /* Products */;
			projectDirPath = "";
			projectRoot = "";
			targets = (
				D06CE0901D6D617500C86B58 /* Memorable Places */,
			);
		};
/* End PBXProject section */

/* Begin PBXResourcesBuildPhase section */
		D06CE08F1D6D617500C86B58 /* Resources */ = {
			isa = PBXResourcesBuildPhase;
			buildActionMask = 2147483647;
			files = (
				D06CE09F1D6D617500C86B58 /* LaunchScreen.storyboard in Resources */,
				D06CE09C1D6D617500C86B58 /* Assets.xcassets in Resources */,
				D06CE09A1D6D617500C86B58 /* Main.storyboard in Resources */,
			);
			runOnlyForDeploymentPostprocessing = 0;
		};
/* End PBXResourcesBuildPhase section */

/* Begin PBXSourcesBuildPhase section */
		D06CE08D1D6D617500C86B58 /* Sources */ = {
			isa = PBXSourcesBuildPhase;
			buildActionMask = 2147483647;
			files = (
				D06CE0971D6D617500C86B58 /* ViewController.swift in Sources */,
				D06CE0A91D6D625000C86B58 /* TableViewController.swift in Sources */,
				D06CE0951D6D617500C86B58 /* AppDelegate.swift in Sources */,
			);
			runOnlyForDeploymentPostprocessing = 0;
		};
/* End PBXSourcesBuildPhase section */

/* Begin PBXVariantGroup section */
		D06CE0981D6D617500C86B58 /* Main.storyboard */ = {
			isa = PBXVariantGroup;
			children = (
				D06CE0991D6D617500C86B58 /* Base */,
			);
			name = Main.storyboard;
			sourceTree = "<group>";
		};
		D06CE09D1D6D617500C86B58 /* LaunchScreen.storyboard */ = {
			isa = PBXVariantGroup;
			children = (
				D06CE09E1D6D617500C86B58 /* Base */,
			);
			name = LaunchScreen.storyboard;
			sourceTree = "<group>";
		};
/* End PBXVariantGroup section */

/* Begin XCBuildConfiguration section */
		D06CE0A11D6D617500C86B58 /* Debug */ = {
			isa = XCBuildConfiguration;
			buildSettings = {
				ALWAYS_SEARCH_USER_PATHS = NO;
				CLANG_ANALYZER_NONNULL = YES;
				CLANG_CXX_LANGUAGE_STANDARD = "gnu++0x";
				CLANG_CXX_LIBRARY = "libc++";
				CLANG_ENABLE_MODULES = YES;
				CLANG_ENABLE_OBJC_ARC = YES;
				CLANG_WARN_BOOL_CONVERSION = YES;
				CLANG_WARN_CONSTANT_CONVERSION = YES;
				CLANG_WARN_DIRECT_OBJC_ISA_USAGE = YES_ERROR;
				CLANG_WARN_EMPTY_BODY = YES;
				CLANG_WARN_ENUM_CONVERSION = YES;
				CLANG_WARN_INT_CONVERSION = YES;
				CLANG_WARN_OBJC_ROOT_CLASS = YES_ERROR;
				CLANG_WARN_UNREACHABLE_CODE = YES;
				CLANG_WARN__DUPLICATE_METHOD_MATCH = YES;
				"CODE_SIGN_IDENTITY[sdk=iphoneos*]" = "iPhone Developer";
				COPY_PHASE_STRIP = NO;
				DEBUG_INFORMATION_FORMAT = dwarf;
				ENABLE_STRICT_OBJC_MSGSEND = YES;
				ENABLE_TESTABILITY = YES;
				GCC_C_LANGUAGE_STANDARD = gnu99;
				GCC_DYNAMIC_NO_PIC = NO;
				GCC_NO_COMMON_BLOCKS = YES;
				GCC_OPTIMIZATION_LEVEL = 0;
				GCC_PREPROCESSOR_DEFINITIONS = (
					"DEBUG=1",
					"$(inherited)",
				);
				GCC_WARN_64_TO_32_BIT_CONVERSION = YES;
				GCC_WARN_ABOUT_RETURN_TYPE = YES_ERROR;
				GCC_WARN_UNDECLARED_SELECTOR = YES;
				GCC_WARN_UNINITIALIZED_AUTOS = YES_AGGRESSIVE;
				GCC_WARN_UNUSED_FUNCTION = YES;
				GCC_WARN_UNUSED_VARIABLE = YES;
				IPHONEOS_DEPLOYMENT_TARGET = 9.3;
				MTL_ENABLE_DEBUG_INFO = YES;
				ONLY_ACTIVE_ARCH = YES;
				SDKROOT = iphoneos;
				SWIFT_OPTIMIZATION_LEVEL = "-Onone";
			};
			name = Debug;
		};
		D06CE0A21D6D617500C86B58 /* Release */ = {
			isa = XCBuildConfiguration;
			buildSettings = {
				ALWAYS_SEARCH_USER_PATHS = NO;
				CLANG_ANALYZER_NONNULL = YES;
				CLANG_CXX_LANGUAGE_STANDARD = "gnu++0x";
				CLANG_CXX_LIBRARY = "libc++";
				CLANG_ENABLE_MODULES = YES;
				CLANG_ENABLE_OBJC_ARC = YES;
				CLANG_WARN_BOOL_CONVERSION = YES;
				CLANG_WARN_CONSTANT_CONVERSION = YES;
				CLANG_WARN_DIRECT_OBJC_ISA_USAGE = YES_ERROR;
				CLANG_WARN_EMPTY_BODY = YES;
				CLANG_WARN_ENUM_CONVERSION = YES;
				CLANG_WARN_INT_CONVERSION = YES;
				CLANG_WARN_OBJC_ROOT_CLASS = YES_ERROR;
				CLANG_WARN_UNREACHABLE_CODE = YES;
				CLANG_WARN__DUPLICATE_METHOD_MATCH = YES;
				"CODE_SIGN_IDENTITY[sdk=iphoneos*]" = "iPhone Developer";
				COPY_PHASE_STRIP = NO;
				DEBUG_INFORMATION_FORMAT = "dwarf-with-dsym";
				ENABLE_NS_ASSERTIONS = NO;
				ENABLE_STRICT_OBJC_MSGSEND = YES;
				GCC_C_LANGUAGE_STANDARD = gnu99;
				GCC_NO_COMMON_BLOCKS = YES;
				GCC_WARN_64_TO_32_BIT_CONVERSION = YES;
				GCC_WARN_ABOUT_RETURN_TYPE = YES_ERROR;
				GCC_WARN_UNDECLARED_SELECTOR = YES;
				GCC_WARN_UNINITIALIZED_AUTOS = YES_AGGRESSIVE;
				GCC_WARN_UNUSED_FUNCTION = YES;
				GCC_WARN_UNUSED_VARIABLE = YES;
				IPHONEOS_DEPLOYMENT_TARGET = 9.3;
				MTL_ENABLE_DEBUG_INFO = NO;
				SDKROOT = iphoneos;
				VALIDATE_PRODUCT = YES;
			};
			name = Release;
		};
		D06CE0A41D6D617500C86B58 /* Debug */ = {
			isa = XCBuildConfiguration;
			buildSettings = {
				ASSETCATALOG_COMPILER_APPICON_NAME = AppIcon;
				INFOPLIST_FILE = "Memorable Places/Info.plist";
				LD_RUNPATH_SEARCH_PATHS = "$(inherited) @executable_path/Frameworks";
				PRODUCT_BUNDLE_IDENTIFIER = "com.KhoaHoang.Memorable-Places";
				PRODUCT_NAME = "$(TARGET_NAME)";
			};
			name = Debug;
		};
		D06CE0A51D6D617500C86B58 /* Release */ = {
			isa = XCBuildConfiguration;
			buildSettings = {
				ASSETCATALOG_COMPILER_APPICON_NAME = AppIcon;
				INFOPLIST_FILE = "Memorable Places/Info.plist";
				LD_RUNPATH_SEARCH_PATHS = "$(inherited) @executable_path/Frameworks";
				PRODUCT_BUNDLE_IDENTIFIER = "com.KhoaHoang.Memorable-Places";
				PRODUCT_NAME = "$(TARGET_NAME)";
			};
			name = Release;
		};
/* End XCBuildConfiguration section */

/* Begin XCConfigurationList section */
		D06CE08C1D6D617500C86B58 /* Build configuration list for PBXProject "Memorable Places" */ = {
			isa = XCConfigurationList;
			buildConfigurations = (
				D06CE0A11D6D617500C86B58 /* Debug */,
				D06CE0A21D6D617500C86B58 /* Release */,
			);
			defaultConfigurationIsVisible = 0;
			defaultConfigurationName = Release;
		};
		D06CE0A31D6D617500C86B58 /* Build configuration list for PBXNativeTarget "Memorable Places" */ = {
			isa = XCConfigurationList;
			buildConfigurations = (
				D06CE0A41D6D617500C86B58 /* Debug */,
				D06CE0A51D6D617500C86B58 /* Release */,
			);
			defaultConfigurationIsVisible = 0;
			defaultConfigurationName = Release;
		};
/* End XCConfigurationList section */
	};
	rootObject = D06CE0891D6D617500C86B58 /* Project object */;
}
